
Microsoft Visual Studio Solution File, Format Version 12.00
# Visual Studio 14
VisualStudioVersion = 14.0.24720.0
MinimumVisualStudioVersion = 10.0.40219.1
Project("{FAE04EC0-301F-11D3-BF4B-00C04F79EFBC}") = "EmpresaConstructoraMVC", "EmpresaConstructoraMVC\EmpresaConstructoraMVC.csproj", "{AF13A5E9-E32B-43D9-8556-917221F4E4A8}"
EndProject
Project("{FAE04EC0-301F-11D3-BF4B-00C04F79EFBC}") = "Dominio", "Dominio\Dominio.csproj", "{1120AA63-271A-413E-B14C-8E357131B3F5}"
EndProject
Global
	GlobalSection(SolutionConfigurationPlatforms) = preSolution
		Debug|Any CPU = Debug|Any CPU
		Release|Any CPU = Release|Any CPU
	EndGlobalSection
	GlobalSection(ProjectConfigurationPlatforms) = postSolution
		{AF13A5E9-E32B-43D9-8556-917221F4E4A8}.Debug|Any CPU.ActiveCfg = Debug|Any CPU
		{AF13A5E9-E32B-43D9-8556-917221F4E4A8}.Debug|Any CPU.Build.0 = Debug|Any CPU
		{AF13A5E9-E32B-43D9-8556-917221F4E4A8}.Release|Any CPU.ActiveCfg = Release|Any CPU
		{AF13A5E9-E32B-43D9-8556-917221F4E4A8}.Release|Any CPU.Build.0 = Release|Any CPU
		{1120AA63-271A-413E-B14C-8E357131B3F5}.Debug|Any CPU.ActiveCfg = Debug|Any CPU
		{1120AA63-271A-413E-B14C-8E357131B3F5}.Debug|Any CPU.Build.0 = Debug|Any CPU
		{1120AA63-271A-413E-B14C-8E357131B3F5}.Release|Any CPU.ActiveCfg = Release|Any CPU
		{1120AA63-271A-413E-B14C-8E357131B3F5}.Release|Any CPU.Build.0 = Release|Any CPU
	EndGlobalSection
	GlobalSection(SolutionProperties) = preSolution
		HideSolutionNode = FALSE
	EndGlobalSection
EndGlobal
